
Microsoft Visual Studio Solution File, Format Version 12.00
# Visual Studio 15
VisualStudioVersion = 15.0.26730.16
MinimumVisualStudioVersion = 10.0.40219.1
Project("{8BC9CEB8-8B4A-11D0-8D11-00A0C91BC942}") = "Project23", "Project23\Project23.vcxproj", "{1977CBFA-6196-4968-9186-41F84EE5D07F}"
EndProject
Global
	GlobalSection(SolutionConfigurationPlatforms) = preSolution
		Debug|x64 = Debug|x64
		Debug|x86 = Debug|x86
		Release|x64 = Release|x64
		Release|x86 = Release|x86
	EndGlobalSection
	GlobalSection(ProjectConfigurationPlatforms) = postSolution
		{1977CBFA-6196-4968-9186-41F84EE5D07F}.Debug|x64.ActiveCfg = Debug|x64
		{1977CBFA-6196-4968-9186-41F84EE5D07F}.Debug|x64.Build.0 = Debug|x64
		{1977CBFA-6196-4968-9186-41F84EE5D07F}.Debug|x86.ActiveCfg = Debug|Win32
		{1977CBFA-6196-4968-9186-41F84EE5D07F}.Debug|x86.Build.0 = Debug|Win32
		{1977CBFA-6196-4968-9186-41F84EE5D07F}.Release|x64.ActiveCfg = Release|x64
		{1977CBFA-6196-4968-9186-41F84EE5D07F}.Release|x64.Build.0 = Release|x64
		{1977CBFA-6196-4968-9186-41F84EE5D07F}.Release|x86.ActiveCfg = Release|Win32
		{1977CBFA-6196-4968-9186-41F84EE5D07F}.Release|x86.Build.0 = Release|Win32
	EndGlobalSection
	GlobalSection(SolutionProperties) = preSolution
		HideSolutionNode = FALSE
	EndGlobalSection
	GlobalSection(ExtensibilityGlobals) = postSolution
		SolutionGuid = {3B93C37B-67A3-4906-9083-BB290863D98B}
	EndGlobalSection
EndGlobal
