
Microsoft Visual Studio Solution File, Format Version 12.00
# Visual Studio 15
VisualStudioVersion = 15.0.26730.16
MinimumVisualStudioVersion = 10.0.40219.1
Project("{8BC9CEB8-8B4A-11D0-8D11-00A0C91BC942}") = "Project22", "Project22\Project22.vcxproj", "{040361AD-924E-402D-AD77-A80C50324BA9}"
EndProject
Global
	GlobalSection(SolutionConfigurationPlatforms) = preSolution
		Debug|x64 = Debug|x64
		Debug|x86 = Debug|x86
		Release|x64 = Release|x64
		Release|x86 = Release|x86
	EndGlobalSection
	GlobalSection(ProjectConfigurationPlatforms) = postSolution
		{040361AD-924E-402D-AD77-A80C50324BA9}.Debug|x64.ActiveCfg = Debug|x64
		{040361AD-924E-402D-AD77-A80C50324BA9}.Debug|x64.Build.0 = Debug|x64
		{040361AD-924E-402D-AD77-A80C50324BA9}.Debug|x86.ActiveCfg = Debug|Win32
		{040361AD-924E-402D-AD77-A80C50324BA9}.Debug|x86.Build.0 = Debug|Win32
		{040361AD-924E-402D-AD77-A80C50324BA9}.Release|x64.ActiveCfg = Release|x64
		{040361AD-924E-402D-AD77-A80C50324BA9}.Release|x64.Build.0 = Release|x64
		{040361AD-924E-402D-AD77-A80C50324BA9}.Release|x86.ActiveCfg = Release|Win32
		{040361AD-924E-402D-AD77-A80C50324BA9}.Release|x86.Build.0 = Release|Win32
	EndGlobalSection
	GlobalSection(SolutionProperties) = preSolution
		HideSolutionNode = FALSE
	EndGlobalSection
	GlobalSection(ExtensibilityGlobals) = postSolution
		SolutionGuid = {7CC20AC0-0695-49ED-88F7-3EE198C83DCE}
	EndGlobalSection
EndGlobal
